
Microsoft Visual Studio Solution File, Format Version 12.00
Project("{FAE04EC0-301F-11D3-BF4B-00C04F79EFBC}") = "MatrixMulti", "MatrixMulti\MatrixMulti.csproj", "{320B5026-B77E-41EB-BA30-5FAFE988BEA8}"
EndProject
Global
	GlobalSection(SolutionConfigurationPlatforms) = preSolution
		Debug|Any CPU = Debug|Any CPU
		Release|Any CPU = Release|Any CPU
	EndGlobalSection
	GlobalSection(ProjectConfigurationPlatforms) = postSolution
		{320B5026-B77E-41EB-BA30-5FAFE988BEA8}.Debug|Any CPU.ActiveCfg = Debug|Any CPU
		{320B5026-B77E-41EB-BA30-5FAFE988BEA8}.Debug|Any CPU.Build.0 = Debug|Any CPU
		{320B5026-B77E-41EB-BA30-5FAFE988BEA8}.Release|Any CPU.ActiveCfg = Release|Any CPU
		{320B5026-B77E-41EB-BA30-5FAFE988BEA8}.Release|Any CPU.Build.0 = Release|Any CPU
	EndGlobalSection
EndGlobal
